// !$*UTF8*$!
{
	archiveVersion = 1;
	classes = {
	};
	objectVersion = 55;
	objects = {

/* Begin PBXBuildFile section */
		184B6495293BC732001B800B /* AppDelegate.swift in Sources */ = {isa = PBXBuildFile; fileRef = 184B6494293BC732001B800B /* AppDelegate.swift */; };
		184B6497293BC732001B800B /* SceneDelegate.swift in Sources */ = {isa = PBXBuildFile; fileRef = 184B6496293BC732001B800B /* SceneDelegate.swift */; };
		184B6499293BC732001B800B /* ViewController.swift in Sources */ = {isa = PBXBuildFile; fileRef = 184B6498293BC732001B800B /* ViewController.swift */; };
		184B649C293BC732001B800B /* Main.storyboard in Resources */ = {isa = PBXBuildFile; fileRef = 184B649A293BC732001B800B /* Main.storyboard */; };
		184B649E293BC733001B800B /* Assets.xcassets in Resources */ = {isa = PBXBuildFile; fileRef = 184B649D293BC733001B800B /* Assets.xcassets */; };
		184B64A1293BC733001B800B /* LaunchScreen.storyboard in Resources */ = {isa = PBXBuildFile; fileRef = 184B649F293BC733001B800B /* LaunchScreen.storyboard */; };
		184B64AC293BC733001B800B /* RailTripTests.swift in Sources */ = {isa = PBXBuildFile; fileRef = 184B64AB293BC733001B800B /* RailTripTests.swift */; };
		184B64B6293BC733001B800B /* RailTripUITests.swift in Sources */ = {isa = PBXBuildFile; fileRef = 184B64B5293BC733001B800B /* RailTripUITests.swift */; };
		184B64B8293BC733001B800B /* RailTripUITestsLaunchTests.swift in Sources */ = {isa = PBXBuildFile; fileRef = 184B64B7293BC733001B800B /* RailTripUITestsLaunchTests.swift */; };
		184B64D1293BE0D1001B800B /* video.mp4 in Resources */ = {isa = PBXBuildFile; fileRef = 184B64D0293BE0D1001B800B /* video.mp4 */; };
		184B64D4293BE13A001B800B /* LoginViewController.swift in Sources */ = {isa = PBXBuildFile; fileRef = 184B64D3293BE13A001B800B /* LoginViewController.swift */; };
		2E7965ABA3B284A9E3647878 /* Pods_RailTrip.framework in Frameworks */ = {isa = PBXBuildFile; fileRef = 1AE76937E0EA1C8429B6C71A /* Pods_RailTrip.framework */; };
		725506D2CB0DF39B96C1E4AB /* Pods_RailTripTests.framework in Frameworks */ = {isa = PBXBuildFile; fileRef = 327D7613ABCE6A6E34A8606C /* Pods_RailTripTests.framework */; };
		FD6EB8416073E7FB99FBFE2D /* Pods_RailTrip_RailTripUITests.framework in Frameworks */ = {isa = PBXBuildFile; fileRef = E453129FBAA4BFE5F654B15E /* Pods_RailTrip_RailTripUITests.framework */; };
/* End PBXBuildFile section */

/* Begin PBXContainerItemProxy section */
		184B64A8293BC733001B800B /* PBXContainerItemProxy */ = {
			isa = PBXContainerItemProxy;
			containerPortal = 184B6489293BC732001B800B /* Project object */;
			proxyType = 1;
			remoteGlobalIDString = 184B6490293BC732001B800B;
			remoteInfo = RailTrip;
		};
		184B64B2293BC733001B800B /* PBXContainerItemProxy */ = {
			isa = PBXContainerItemProxy;
			containerPortal = 184B6489293BC732001B800B /* Project object */;
			proxyType = 1;
			remoteGlobalIDString = 184B6490293BC732001B800B;
			remoteInfo = RailTrip;
		};
/* End PBXContainerItemProxy section */

/* Begin PBXFileReference section */
		184B6491293BC732001B800B /* RailTrip.app */ = {isa = PBXFileReference; explicitFileType = wrapper.application; includeInIndex = 0; path = RailTrip.app; sourceTree = BUILT_PRODUCTS_DIR; };
		184B6494293BC732001B800B /* AppDelegate.swift */ = {isa = PBXFileReference; lastKnownFileType = sourcecode.swift; path = AppDelegate.swift; sourceTree = "<group>"; };
		184B6496293BC732001B800B /* SceneDelegate.swift */ = {isa = PBXFileReference; lastKnownFileType = sourcecode.swift; path = SceneDelegate.swift; sourceTree = "<group>"; };
		184B6498293BC732001B800B /* ViewController.swift */ = {isa = PBXFileReference; lastKnownFileType = sourcecode.swift; path = ViewController.swift; sourceTree = "<group>"; };
		184B649B293BC732001B800B /* Base */ = {isa = PBXFileReference; lastKnownFileType = file.storyboard; name = Base; path = Base.lproj/Main.storyboard; sourceTree = "<group>"; };
		184B649D293BC733001B800B /* Assets.xcassets */ = {isa = PBXFileReference; lastKnownFileType = folder.assetcatalog; path = Assets.xcassets; sourceTree = "<group>"; };
		184B64A0293BC733001B800B /* Base */ = {isa = PBXFileReference; lastKnownFileType = file.storyboard; name = Base; path = Base.lproj/LaunchScreen.storyboard; sourceTree = "<group>"; };
		184B64A2293BC733001B800B /* Info.plist */ = {isa = PBXFileReference; lastKnownFileType = text.plist.xml; path = Info.plist; sourceTree = "<group>"; };
		184B64A7293BC733001B800B /* RailTripTests.xctest */ = {isa = PBXFileReference; explicitFileType = wrapper.cfbundle; includeInIndex = 0; path = RailTripTests.xctest; sourceTree = BUILT_PRODUCTS_DIR; };
		184B64AB293BC733001B800B /* RailTripTests.swift */ = {isa = PBXFileReference; lastKnownFileType = sourcecode.swift; path = RailTripTests.swift; sourceTree = "<group>"; };
		184B64B1293BC733001B800B /* RailTripUITests.xctest */ = {isa = PBXFileReference; explicitFileType = wrapper.cfbundle; includeInIndex = 0; path = RailTripUITests.xctest; sourceTree = BUILT_PRODUCTS_DIR; };
		184B64B5293BC733001B800B /* RailTripUITests.swift */ = {isa = PBXFileReference; lastKnownFileType = sourcecode.swift; path = RailTripUITests.swift; sourceTree = "<group>"; };
		184B64B7293BC733001B800B /* RailTripUITestsLaunchTests.swift */ = {isa = PBXFileReference; lastKnownFileType = sourcecode.swift; path = RailTripUITestsLaunchTests.swift; sourceTree = "<group>"; };
		184B64D0293BE0D1001B800B /* video.mp4 */ = {isa = PBXFileReference; lastKnownFileType = file; path = video.mp4; sourceTree = "<group>"; };
		184B64D3293BE13A001B800B /* LoginViewController.swift */ = {isa = PBXFileReference; lastKnownFileType = sourcecode.swift; path = LoginViewController.swift; sourceTree = "<group>"; };
		1AE76937E0EA1C8429B6C71A /* Pods_RailTrip.framework */ = {isa = PBXFileReference; explicitFileType = wrapper.framework; includeInIndex = 0; path = Pods_RailTrip.framework; sourceTree = BUILT_PRODUCTS_DIR; };
		2D4A2BA8487AF8DA8764C1A9 /* Pods-RailTrip-RailTripUITests.release.xcconfig */ = {isa = PBXFileReference; includeInIndex = 1; lastKnownFileType = text.xcconfig; name = "Pods-RailTrip-RailTripUITests.release.xcconfig"; path = "Target Support Files/Pods-RailTrip-RailTripUITests/Pods-RailTrip-RailTripUITests.release.xcconfig"; sourceTree = "<group>"; };
		327D7613ABCE6A6E34A8606C /* Pods_RailTripTests.framework */ = {isa = PBXFileReference; explicitFileType = wrapper.framework; includeInIndex = 0; path = Pods_RailTripTests.framework; sourceTree = BUILT_PRODUCTS_DIR; };
		4B43090A850BBB3674A252E4 /* Pods-RailTripTests.debug.xcconfig */ = {isa = PBXFileReference; includeInIndex = 1; lastKnownFileType = text.xcconfig; name = "Pods-RailTripTests.debug.xcconfig"; path = "Target Support Files/Pods-RailTripTests/Pods-RailTripTests.debug.xcconfig"; sourceTree = "<group>"; };
		4FD154615145CAEEC6C37331 /* Pods-RailTripTests.release.xcconfig */ = {isa = PBXFileReference; includeInIndex = 1; lastKnownFileType = text.xcconfig; name = "Pods-RailTripTests.release.xcconfig"; path = "Target Support Files/Pods-RailTripTests/Pods-RailTripTests.release.xcconfig"; sourceTree = "<group>"; };
		6F2ECE610D8FA48DC0E3AEA9 /* Pods-RailTrip-RailTripUITests.debug.xcconfig */ = {isa = PBXFileReference; includeInIndex = 1; lastKnownFileType = text.xcconfig; name = "Pods-RailTrip-RailTripUITests.debug.xcconfig"; path = "Target Support Files/Pods-RailTrip-RailTripUITests/Pods-RailTrip-RailTripUITests.debug.xcconfig"; sourceTree = "<group>"; };
		A9AC80DD4C22ED453344358E /* Pods-RailTrip.release.xcconfig */ = {isa = PBXFileReference; includeInIndex = 1; lastKnownFileType = text.xcconfig; name = "Pods-RailTrip.release.xcconfig"; path = "Target Support Files/Pods-RailTrip/Pods-RailTrip.release.xcconfig"; sourceTree = "<group>"; };
		CFB5E19C2BB9C2627C134FC4 /* Pods-RailTrip.debug.xcconfig */ = {isa = PBXFileReference; includeInIndex = 1; lastKnownFileType = text.xcconfig; name = "Pods-RailTrip.debug.xcconfig"; path = "Target Support Files/Pods-RailTrip/Pods-RailTrip.debug.xcconfig"; sourceTree = "<group>"; };
		E453129FBAA4BFE5F654B15E /* Pods_RailTrip_RailTripUITests.framework */ = {isa = PBXFileReference; explicitFileType = wrapper.framework; includeInIndex = 0; path = Pods_RailTrip_RailTripUITests.framework; sourceTree = BUILT_PRODUCTS_DIR; };
/* End PBXFileReference section */

/* Begin PBXFrameworksBuildPhase section */
		184B648E293BC732001B800B /* Frameworks */ = {
			isa = PBXFrameworksBuildPhase;
			buildActionMask = 2147483647;
			files = (
				2E7965ABA3B284A9E3647878 /* Pods_RailTrip.framework in Frameworks */,
			);
			runOnlyForDeploymentPostprocessing = 0;
		};
		184B64A4293BC733001B800B /* Frameworks */ = {
			isa = PBXFrameworksBuildPhase;
			buildActionMask = 2147483647;
			files = (
				725506D2CB0DF39B96C1E4AB /* Pods_RailTripTests.framework in Frameworks */,
			);
			runOnlyForDeploymentPostprocessing = 0;
		};
		184B64AE293BC733001B800B /* Frameworks */ = {
			isa = PBXFrameworksBuildPhase;
			buildActionMask = 2147483647;
			files = (
				FD6EB8416073E7FB99FBFE2D /* Pods_RailTrip_RailTripUITests.framework in Frameworks */,
			);
			runOnlyForDeploymentPostprocessing = 0;
		};
/* End PBXFrameworksBuildPhase section */

/* Begin PBXGroup section */
		06523FDFE833AC0FA7970DAC /* Pods */ = {
			isa = PBXGroup;
			children = (
				CFB5E19C2BB9C2627C134FC4 /* Pods-RailTrip.debug.xcconfig */,
				A9AC80DD4C22ED453344358E /* Pods-RailTrip.release.xcconfig */,
				6F2ECE610D8FA48DC0E3AEA9 /* Pods-RailTrip-RailTripUITests.debug.xcconfig */,
				2D4A2BA8487AF8DA8764C1A9 /* Pods-RailTrip-RailTripUITests.release.xcconfig */,
				4B43090A850BBB3674A252E4 /* Pods-RailTripTests.debug.xcconfig */,
				4FD154615145CAEEC6C37331 /* Pods-RailTripTests.release.xcconfig */,
			);
			path = Pods;
			sourceTree = "<group>";
		};
		184B6488293BC732001B800B = {
			isa = PBXGroup;
			children = (
				184B6493293BC732001B800B /* RailTrip */,
				184B64AA293BC733001B800B /* RailTripTests */,
				184B64B4293BC733001B800B /* RailTripUITests */,
				184B6492293BC732001B800B /* Products */,
				06523FDFE833AC0FA7970DAC /* Pods */,
				3F7156943510B772AE1D6906 /* Frameworks */,
			);
			sourceTree = "<group>";
		};
		184B6492293BC732001B800B /* Products */ = {
			isa = PBXGroup;
			children = (
				184B6491293BC732001B800B /* RailTrip.app */,
				184B64A7293BC733001B800B /* RailTripTests.xctest */,
				184B64B1293BC733001B800B /* RailTripUITests.xctest */,
			);
			name = Products;
			sourceTree = "<group>";
		};
		184B6493293BC732001B800B /* RailTrip */ = {
			isa = PBXGroup;
			children = (
				184B6494293BC732001B800B /* AppDelegate.swift */,
				184B6496293BC732001B800B /* SceneDelegate.swift */,
				184B64D2293BE122001B800B /* View */,
				184B6498293BC732001B800B /* ViewController.swift */,
				184B649A293BC732001B800B /* Main.storyboard */,
				184B649D293BC733001B800B /* Assets.xcassets */,
				184B649F293BC733001B800B /* LaunchScreen.storyboard */,
				184B64A2293BC733001B800B /* Info.plist */,
				184B64D0293BE0D1001B800B /* video.mp4 */,
			);
			path = RailTrip;
			sourceTree = "<group>";
		};
		184B64AA293BC733001B800B /* RailTripTests */ = {
			isa = PBXGroup;
			children = (
				184B64AB293BC733001B800B /* RailTripTests.swift */,
			);
			path = RailTripTests;
			sourceTree = "<group>";
		};
		184B64B4293BC733001B800B /* RailTripUITests */ = {
			isa = PBXGroup;
			children = (
				184B64B5293BC733001B800B /* RailTripUITests.swift */,
				184B64B7293BC733001B800B /* RailTripUITestsLaunchTests.swift */,
			);
			path = RailTripUITests;
			sourceTree = "<group>";
		};
		184B64D2293BE122001B800B /* View */ = {
			isa = PBXGroup;
			children = (
				184B64D3293BE13A001B800B /* LoginViewController.swift */,
			);
			path = View;
			sourceTree = "<group>";
		};
		3F7156943510B772AE1D6906 /* Frameworks */ = {
			isa = PBXGroup;
			children = (
				1AE76937E0EA1C8429B6C71A /* Pods_RailTrip.framework */,
				E453129FBAA4BFE5F654B15E /* Pods_RailTrip_RailTripUITests.framework */,
				327D7613ABCE6A6E34A8606C /* Pods_RailTripTests.framework */,
			);
			name = Frameworks;
			sourceTree = "<group>";
		};
/* End PBXGroup section */

/* Begin PBXNativeTarget section */
		184B6490293BC732001B800B /* RailTrip */ = {
			isa = PBXNativeTarget;
			buildConfigurationList = 184B64BB293BC733001B800B /* Build configuration list for PBXNativeTarget "RailTrip" */;
			buildPhases = (
				EFD9FD948DDB6D0C7732A7B4 /* [CP] Check Pods Manifest.lock */,
				184B648D293BC732001B800B /* Sources */,
				184B648E293BC732001B800B /* Frameworks */,
				184B648F293BC732001B800B /* Resources */,
				6778EC7A5659AF08592955EB /* [CP] Embed Pods Frameworks */,
			);
			buildRules = (
			);
			dependencies = (
			);
			name = RailTrip;
			productName = RailTrip;
			productReference = 184B6491293BC732001B800B /* RailTrip.app */;
			productType = "com.apple.product-type.application";
		};
		184B64A6293BC733001B800B /* RailTripTests */ = {
			isa = PBXNativeTarget;
			buildConfigurationList = 184B64BE293BC733001B800B /* Build configuration list for PBXNativeTarget "RailTripTests" */;
			buildPhases = (
				2BDFB7E24535DAB8CAD48C97 /* [CP] Check Pods Manifest.lock */,
				184B64A3293BC733001B800B /* Sources */,
				184B64A4293BC733001B800B /* Frameworks */,
				184B64A5293BC733001B800B /* Resources */,
			);
			buildRules = (
			);
			dependencies = (
				184B64A9293BC733001B800B /* PBXTargetDependency */,
			);
			name = RailTripTests;
			productName = RailTripTests;
			productReference = 184B64A7293BC733001B800B /* RailTripTests.xctest */;
			productType = "com.apple.product-type.bundle.unit-test";
		};
		184B64B0293BC733001B800B /* RailTripUITests */ = {
			isa = PBXNativeTarget;
			buildConfigurationList = 184B64C1293BC733001B800B /* Build configuration list for PBXNativeTarget "RailTripUITests" */;
			buildPhases = (
				A838F6FC6F307E88269EC941 /* [CP] Check Pods Manifest.lock */,
				184B64AD293BC733001B800B /* Sources */,
				184B64AE293BC733001B800B /* Frameworks */,
				184B64AF293BC733001B800B /* Resources */,
				D88EE0C857E7C7B61754F80E /* [CP] Embed Pods Frameworks */,
			);
			buildRules = (
			);
			dependencies = (
				184B64B3293BC733001B800B /* PBXTargetDependency */,
			);
			name = RailTripUITests;
			productName = RailTripUITests;
			productReference = 184B64B1293BC733001B800B /* RailTripUITests.xctest */;
			productType = "com.apple.product-type.bundle.ui-testing";
		};
/* End PBXNativeTarget section */

/* Begin PBXProject section */
		184B6489293BC732001B800B /* Project object */ = {
			isa = PBXProject;
			attributes = {
				BuildIndependentTargetsInParallel = 1;
				LastSwiftUpdateCheck = 1410;
				LastUpgradeCheck = 1410;
				TargetAttributes = {
					184B6490293BC732001B800B = {
						CreatedOnToolsVersion = 14.1;
					};
					184B64A6293BC733001B800B = {
						CreatedOnToolsVersion = 14.1;
						TestTargetID = 184B6490293BC732001B800B;
					};
					184B64B0293BC733001B800B = {
						CreatedOnToolsVersion = 14.1;
						TestTargetID = 184B6490293BC732001B800B;
					};
				};
			};
			buildConfigurationList = 184B648C293BC732001B800B /* Build configuration list for PBXProject "RailTrip" */;
			compatibilityVersion = "Xcode 13.0";
			developmentRegion = en;
			hasScannedForEncodings = 0;
			knownRegions = (
				en,
				Base,
			);
			mainGroup = 184B6488293BC732001B800B;
			productRefGroup = 184B6492293BC732001B800B /* Products */;
			projectDirPath = "";
			projectRoot = "";
			targets = (
				184B6490293BC732001B800B /* RailTrip */,
				184B64A6293BC733001B800B /* RailTripTests */,
				184B64B0293BC733001B800B /* RailTripUITests */,
			);
		};
/* End PBXProject section */

/* Begin PBXResourcesBuildPhase section */
		184B648F293BC732001B800B /* Resources */ = {
			isa = PBXResourcesBuildPhase;
			buildActionMask = 2147483647;
			files = (
				184B64A1293BC733001B800B /* LaunchScreen.storyboard in Resources */,
				184B649E293BC733001B800B /* Assets.xcassets in Resources */,
				184B649C293BC732001B800B /* Main.storyboard in Resources */,
				184B64D1293BE0D1001B800B /* video.mp4 in Resources */,
			);
			runOnlyForDeploymentPostprocessing = 0;
		};
		184B64A5293BC733001B800B /* Resources */ = {
			isa = PBXResourcesBuildPhase;
			buildActionMask = 2147483647;
			files = (
			);
			runOnlyForDeploymentPostprocessing = 0;
		};
		184B64AF293BC733001B800B /* Resources */ = {
			isa = PBXResourcesBuildPhase;
			buildActionMask = 2147483647;
			files = (
			);
			runOnlyForDeploymentPostprocessing = 0;
		};
/* End PBXResourcesBuildPhase section */

/* Begin PBXShellScriptBuildPhase section */
		2BDFB7E24535DAB8CAD48C97 /* [CP] Check Pods Manifest.lock */ = {
			isa = PBXShellScriptBuildPhase;
			buildActionMask = 2147483647;
			files = (
			);
			inputFileListPaths = (
			);
			inputPaths = (
				"${PODS_PODFILE_DIR_PATH}/Podfile.lock",
				"${PODS_ROOT}/Manifest.lock",
			);
			name = "[CP] Check Pods Manifest.lock";
			outputFileListPaths = (
			);
			outputPaths = (
				"$(DERIVED_FILE_DIR)/Pods-RailTripTests-checkManifestLockResult.txt",
			);
			runOnlyForDeploymentPostprocessing = 0;
			shellPath = /bin/sh;
			shellScript = "diff \"${PODS_PODFILE_DIR_PATH}/Podfile.lock\" \"${PODS_ROOT}/Manifest.lock\" > /dev/null\nif [ $? != 0 ] ; then\n    # print error to STDERR\n    echo \"error: The sandbox is not in sync with the Podfile.lock. Run 'pod install' or update your CocoaPods installation.\" >&2\n    exit 1\nfi\n# This output is used by Xcode 'outputs' to avoid re-running this script phase.\necho \"SUCCESS\" > \"${SCRIPT_OUTPUT_FILE_0}\"\n";
			showEnvVarsInLog = 0;
		};
		6778EC7A5659AF08592955EB /* [CP] Embed Pods Frameworks */ = {
			isa = PBXShellScriptBuildPhase;
			buildActionMask = 2147483647;
			files = (
			);
			inputFileListPaths = (
				"${PODS_ROOT}/Target Support Files/Pods-RailTrip/Pods-RailTrip-frameworks-${CONFIGURATION}-input-files.xcfilelist",
			);
			name = "[CP] Embed Pods Frameworks";
			outputFileListPaths = (
				"${PODS_ROOT}/Target Support Files/Pods-RailTrip/Pods-RailTrip-frameworks-${CONFIGURATION}-output-files.xcfilelist",
			);
			runOnlyForDeploymentPostprocessing = 0;
			shellPath = /bin/sh;
			shellScript = "\"${PODS_ROOT}/Target Support Files/Pods-RailTrip/Pods-RailTrip-frameworks.sh\"\n";
			showEnvVarsInLog = 0;
		};
		A838F6FC6F307E88269EC941 /* [CP] Check Pods Manifest.lock */ = {
			isa = PBXShellScriptBuildPhase;
			buildActionMask = 2147483647;
			files = (
			);
			inputFileListPaths = (
			);
			inputPaths = (
				"${PODS_PODFILE_DIR_PATH}/Podfile.lock",
				"${PODS_ROOT}/Manifest.lock",
			);
			name = "[CP] Check Pods Manifest.lock";
			outputFileListPaths = (
			);
			outputPaths = (
				"$(DERIVED_FILE_DIR)/Pods-RailTrip-RailTripUITests-checkManifestLockResult.txt",
			);
			runOnlyForDeploymentPostprocessing = 0;
			shellPath = /bin/sh;
			shellScript = "diff \"${PODS_PODFILE_DIR_PATH}/Podfile.lock\" \"${PODS_ROOT}/Manifest.lock\" > /dev/null\nif [ $? != 0 ] ; then\n    # print error to STDERR\n    echo \"error: The sandbox is not in sync with the Podfile.lock. Run 'pod install' or update your CocoaPods installation.\" >&2\n    exit 1\nfi\n# This output is used by Xcode 'outputs' to avoid re-running this script phase.\necho \"SUCCESS\" > \"${SCRIPT_OUTPUT_FILE_0}\"\n";
			showEnvVarsInLog = 0;
		};
		D88EE0C857E7C7B61754F80E /* [CP] Embed Pods Frameworks */ = {
			isa = PBXShellScriptBuildPhase;
			buildActionMask = 2147483647;
			files = (
			);
			inputFileListPaths = (
				"${PODS_ROOT}/Target Support Files/Pods-RailTrip-RailTripUITests/Pods-RailTrip-RailTripUITests-frameworks-${CONFIGURATION}-input-files.xcfilelist",
			);
			name = "[CP] Embed Pods Frameworks";
			outputFileListPaths = (
				"${PODS_ROOT}/Target Support Files/Pods-RailTrip-RailTripUITests/Pods-RailTrip-RailTripUITests-frameworks-${CONFIGURATION}-output-files.xcfilelist",
			);
			runOnlyForDeploymentPostprocessing = 0;
			shellPath = /bin/sh;
			shellScript = "\"${PODS_ROOT}/Target Support Files/Pods-RailTrip-RailTripUITests/Pods-RailTrip-RailTripUITests-frameworks.sh\"\n";
			showEnvVarsInLog = 0;
		};
		EFD9FD948DDB6D0C7732A7B4 /* [CP] Check Pods Manifest.lock */ = {
			isa = PBXShellScriptBuildPhase;
			buildActionMask = 2147483647;
			files = (
			);
			inputFileListPaths = (
			);
			inputPaths = (
				"${PODS_PODFILE_DIR_PATH}/Podfile.lock",
				"${PODS_ROOT}/Manifest.lock",
			);
			name = "[CP] Check Pods Manifest.lock";
			outputFileListPaths = (
			);
			outputPaths = (
				"$(DERIVED_FILE_DIR)/Pods-RailTrip-checkManifestLockResult.txt",
			);
			runOnlyForDeploymentPostprocessing = 0;
			shellPath = /bin/sh;
			shellScript = "diff \"${PODS_PODFILE_DIR_PATH}/Podfile.lock\" \"${PODS_ROOT}/Manifest.lock\" > /dev/null\nif [ $? != 0 ] ; then\n    # print error to STDERR\n    echo \"error: The sandbox is not in sync with the Podfile.lock. Run 'pod install' or update your CocoaPods installation.\" >&2\n    exit 1\nfi\n# This output is used by Xcode 'outputs' to avoid re-running this script phase.\necho \"SUCCESS\" > \"${SCRIPT_OUTPUT_FILE_0}\"\n";
			showEnvVarsInLog = 0;
		};
/* End PBXShellScriptBuildPhase section */

/* Begin PBXSourcesBuildPhase section */
		184B648D293BC732001B800B /* Sources */ = {
			isa = PBXSourcesBuildPhase;
			buildActionMask = 2147483647;
			files = (
				184B64D4293BE13A001B800B /* LoginViewController.swift in Sources */,
				184B6499293BC732001B800B /* ViewController.swift in Sources */,
				184B6495293BC732001B800B /* AppDelegate.swift in Sources */,
				184B6497293BC732001B800B /* SceneDelegate.swift in Sources */,
			);
			runOnlyForDeploymentPostprocessing = 0;
		};
		184B64A3293BC733001B800B /* Sources */ = {
			isa = PBXSourcesBuildPhase;
			buildActionMask = 2147483647;
			files = (
				184B64AC293BC733001B800B /* RailTripTests.swift in Sources */,
			);
			runOnlyForDeploymentPostprocessing = 0;
		};
		184B64AD293BC733001B800B /* Sources */ = {
			isa = PBXSourcesBuildPhase;
			buildActionMask = 2147483647;
			files = (
				184B64B8293BC733001B800B /* RailTripUITestsLaunchTests.swift in Sources */,
				184B64B6293BC733001B800B /* RailTripUITests.swift in Sources */,
			);
			runOnlyForDeploymentPostprocessing = 0;
		};
/* End PBXSourcesBuildPhase section */

/* Begin PBXTargetDependency section */
		184B64A9293BC733001B800B /* PBXTargetDependency */ = {
			isa = PBXTargetDependency;
			target = 184B6490293BC732001B800B /* RailTrip */;
			targetProxy = 184B64A8293BC733001B800B /* PBXContainerItemProxy */;
		};
		184B64B3293BC733001B800B /* PBXTargetDependency */ = {
			isa = PBXTargetDependency;
			target = 184B6490293BC732001B800B /* RailTrip */;
			targetProxy = 184B64B2293BC733001B800B /* PBXContainerItemProxy */;
		};
/* End PBXTargetDependency section */

/* Begin PBXVariantGroup section */
		184B649A293BC732001B800B /* Main.storyboard */ = {
			isa = PBXVariantGroup;
			children = (
				184B649B293BC732001B800B /* Base */,
			);
			name = Main.storyboard;
			sourceTree = "<group>";
		};
		184B649F293BC733001B800B /* LaunchScreen.storyboard */ = {
			isa = PBXVariantGroup;
			children = (
				184B64A0293BC733001B800B /* Base */,
			);
			name = LaunchScreen.storyboard;
			sourceTree = "<group>";
		};
/* End PBXVariantGroup section */

/* Begin XCBuildConfiguration section */
		184B64B9293BC733001B800B /* Debug */ = {
			isa = XCBuildConfiguration;
			buildSettings = {
				ALWAYS_SEARCH_USER_PATHS = NO;
				CLANG_ANALYZER_NONNULL = YES;
				CLANG_ANALYZER_NUMBER_OBJECT_CONVERSION = YES_AGGRESSIVE;
				CLANG_CXX_LANGUAGE_STANDARD = "gnu++20";
				CLANG_ENABLE_MODULES = YES;
				CLANG_ENABLE_OBJC_ARC = YES;
				CLANG_ENABLE_OBJC_WEAK = YES;
				CLANG_WARN_BLOCK_CAPTURE_AUTORELEASING = YES;
				CLANG_WARN_BOOL_CONVERSION = YES;
				CLANG_WARN_COMMA = YES;
				CLANG_WARN_CONSTANT_CONVERSION = YES;
				CLANG_WARN_DEPRECATED_OBJC_IMPLEMENTATIONS = YES;
				CLANG_WARN_DIRECT_OBJC_ISA_USAGE = YES_ERROR;
				CLANG_WARN_DOCUMENTATION_COMMENTS = YES;
				CLANG_WARN_EMPTY_BODY = YES;
				CLANG_WARN_ENUM_CONVERSION = YES;
				CLANG_WARN_INFINITE_RECURSION = YES;
				CLANG_WARN_INT_CONVERSION = YES;
				CLANG_WARN_NON_LITERAL_NULL_CONVERSION = YES;
				CLANG_WARN_OBJC_IMPLICIT_RETAIN_SELF = YES;
				CLANG_WARN_OBJC_LITERAL_CONVERSION = YES;
				CLANG_WARN_OBJC_ROOT_CLASS = YES_ERROR;
				CLANG_WARN_QUOTED_INCLUDE_IN_FRAMEWORK_HEADER = YES;
				CLANG_WARN_RANGE_LOOP_ANALYSIS = YES;
				CLANG_WARN_STRICT_PROTOTYPES = YES;
				CLANG_WARN_SUSPICIOUS_MOVE = YES;
				CLANG_WARN_UNGUARDED_AVAILABILITY = YES_AGGRESSIVE;
				CLANG_WARN_UNREACHABLE_CODE = YES;
				CLANG_WARN__DUPLICATE_METHOD_MATCH = YES;
				COPY_PHASE_STRIP = NO;
				DEBUG_INFORMATION_FORMAT = dwarf;
				ENABLE_STRICT_OBJC_MSGSEND = YES;
				ENABLE_TESTABILITY = YES;
				GCC_C_LANGUAGE_STANDARD = gnu11;
				GCC_DYNAMIC_NO_PIC = NO;
				GCC_NO_COMMON_BLOCKS = YES;
				GCC_OPTIMIZATION_LEVEL = 0;
				GCC_PREPROCESSOR_DEFINITIONS = (
					"DEBUG=1",
					"$(inherited)",
				);
				GCC_WARN_64_TO_32_BIT_CONVERSION = YES;
				GCC_WARN_ABOUT_RETURN_TYPE = YES_ERROR;
				GCC_WARN_UNDECLARED_SELECTOR = YES;
				GCC_WARN_UNINITIALIZED_AUTOS = YES_AGGRESSIVE;
				GCC_WARN_UNUSED_FUNCTION = YES;
				GCC_WARN_UNUSED_VARIABLE = YES;
				IPHONEOS_DEPLOYMENT_TARGET = 15.0;
				MTL_ENABLE_DEBUG_INFO = INCLUDE_SOURCE;
				MTL_FAST_MATH = YES;
				ONLY_ACTIVE_ARCH = YES;
				SDKROOT = iphoneos;
				SWIFT_ACTIVE_COMPILATION_CONDITIONS = DEBUG;
				SWIFT_OPTIMIZATION_LEVEL = "-Onone";
			};
			name = Debug;
		};
		184B64BA293BC733001B800B /* Release */ = {
			isa = XCBuildConfiguration;
			buildSettings = {
				ALWAYS_SEARCH_USER_PATHS = NO;
				CLANG_ANALYZER_NONNULL = YES;
				CLANG_ANALYZER_NUMBER_OBJECT_CONVERSION = YES_AGGRESSIVE;
				CLANG_CXX_LANGUAGE_STANDARD = "gnu++20";
				CLANG_ENABLE_MODULES = YES;
				CLANG_ENABLE_OBJC_ARC = YES;
				CLANG_ENABLE_OBJC_WEAK = YES;
				CLANG_WARN_BLOCK_CAPTURE_AUTORELEASING = YES;
				CLANG_WARN_BOOL_CONVERSION = YES;
				CLANG_WARN_COMMA = YES;
				CLANG_WARN_CONSTANT_CONVERSION = YES;
				CLANG_WARN_DEPRECATED_OBJC_IMPLEMENTATIONS = YES;
				CLANG_WARN_DIRECT_OBJC_ISA_USAGE = YES_ERROR;
				CLANG_WARN_DOCUMENTATION_COMMENTS = YES;
				CLANG_WARN_EMPTY_BODY = YES;
				CLANG_WARN_ENUM_CONVERSION = YES;
				CLANG_WARN_INFINITE_RECURSION = YES;
				CLANG_WARN_INT_CONVERSION = YES;
				CLANG_WARN_NON_LITERAL_NULL_CONVERSION = YES;
				CLANG_WARN_OBJC_IMPLICIT_RETAIN_SELF = YES;
				CLANG_WARN_OBJC_LITERAL_CONVERSION = YES;
				CLANG_WARN_OBJC_ROOT_CLASS = YES_ERROR;
				CLANG_WARN_QUOTED_INCLUDE_IN_FRAMEWORK_HEADER = YES;
				CLANG_WARN_RANGE_LOOP_ANALYSIS = YES;
				CLANG_WARN_STRICT_PROTOTYPES = YES;
				CLANG_WARN_SUSPICIOUS_MOVE = YES;
				CLANG_WARN_UNGUARDED_AVAILABILITY = YES_AGGRESSIVE;
				CLANG_WARN_UNREACHABLE_CODE = YES;
				CLANG_WARN__DUPLICATE_METHOD_MATCH = YES;
				COPY_PHASE_STRIP = NO;
				DEBUG_INFORMATION_FORMAT = "dwarf-with-dsym";
				ENABLE_NS_ASSERTIONS = NO;
				ENABLE_STRICT_OBJC_MSGSEND = YES;
				GCC_C_LANGUAGE_STANDARD = gnu11;
				GCC_NO_COMMON_BLOCKS = YES;
				GCC_WARN_64_TO_32_BIT_CONVERSION = YES;
				GCC_WARN_ABOUT_RETURN_TYPE = YES_ERROR;
				GCC_WARN_UNDECLARED_SELECTOR = YES;
				GCC_WARN_UNINITIALIZED_AUTOS = YES_AGGRESSIVE;
				GCC_WARN_UNUSED_FUNCTION = YES;
				GCC_WARN_UNUSED_VARIABLE = YES;
				IPHONEOS_DEPLOYMENT_TARGET = 15.0;
				MTL_ENABLE_DEBUG_INFO = NO;
				MTL_FAST_MATH = YES;
				SDKROOT = iphoneos;
				SWIFT_COMPILATION_MODE = wholemodule;
				SWIFT_OPTIMIZATION_LEVEL = "-O";
				VALIDATE_PRODUCT = YES;
			};
			name = Release;
		};
		184B64BC293BC733001B800B /* Debug */ = {
			isa = XCBuildConfiguration;
			baseConfigurationReference = CFB5E19C2BB9C2627C134FC4 /* Pods-RailTrip.debug.xcconfig */;
			buildSettings = {
				ASSETCATALOG_COMPILER_APPICON_NAME = AppIcon;
				ASSETCATALOG_COMPILER_GLOBAL_ACCENT_COLOR_NAME = AccentColor;
				CODE_SIGN_STYLE = Automatic;
				CURRENT_PROJECT_VERSION = 1;
				GENERATE_INFOPLIST_FILE = YES;
				INFOPLIST_FILE = RailTrip/Info.plist;
				INFOPLIST_KEY_UIApplicationSupportsIndirectInputEvents = YES;
				INFOPLIST_KEY_UILaunchStoryboardName = LaunchScreen;
				INFOPLIST_KEY_UIMainStoryboardFile = Main;
				INFOPLIST_KEY_UISupportedInterfaceOrientations_iPad = "UIInterfaceOrientationPortrait UIInterfaceOrientationPortraitUpsideDown UIInterfaceOrientationLandscapeLeft UIInterfaceOrientationLandscapeRight";
				INFOPLIST_KEY_UISupportedInterfaceOrientations_iPhone = "UIInterfaceOrientationPortrait UIInterfaceOrientationLandscapeLeft UIInterfaceOrientationLandscapeRight";
				LD_RUNPATH_SEARCH_PATHS = (
					"$(inherited)",
					"@executable_path/Frameworks",
				);
				MARKETING_VERSION = 1.0;
				PRODUCT_BUNDLE_IDENTIFIER = cosci.RailTrip;
				PRODUCT_NAME = "$(TARGET_NAME)";
				SWIFT_EMIT_LOC_STRINGS = YES;
				SWIFT_VERSION = 5.0;
				TARGETED_DEVICE_FAMILY = "1,2";
			};
			name = Debug;
		};
		184B64BD293BC733001B800B /* Release */ = {
			isa = XCBuildConfiguration;
			baseConfigurationReference = A9AC80DD4C22ED453344358E /* Pods-RailTrip.release.xcconfig */;
			buildSettings = {
				ASSETCATALOG_COMPILER_APPICON_NAME = AppIcon;
				ASSETCATALOG_COMPILER_GLOBAL_ACCENT_COLOR_NAME = AccentColor;
				CODE_SIGN_STYLE = Automatic;
				CURRENT_PROJECT_VERSION = 1;
				GENERATE_INFOPLIST_FILE = YES;
				INFOPLIST_FILE = RailTrip/Info.plist;
				INFOPLIST_KEY_UIApplicationSupportsIndirectInputEvents = YES;
				INFOPLIST_KEY_UILaunchStoryboardName = LaunchScreen;
				INFOPLIST_KEY_UIMainStoryboardFile = Main;
				INFOPLIST_KEY_UISupportedInterfaceOrientations_iPad = "UIInterfaceOrientationPortrait UIInterfaceOrientationPortraitUpsideDown UIInterfaceOrientationLandscapeLeft UIInterfaceOrientationLandscapeRight";
				INFOPLIST_KEY_UISupportedInterfaceOrientations_iPhone = "UIInterfaceOrientationPortrait UIInterfaceOrientationLandscapeLeft UIInterfaceOrientationLandscapeRight";
				LD_RUNPATH_SEARCH_PATHS = (
					"$(inherited)",
					"@executable_path/Frameworks",
				);
				MARKETING_VERSION = 1.0;
				PRODUCT_BUNDLE_IDENTIFIER = cosci.RailTrip;
				PRODUCT_NAME = "$(TARGET_NAME)";
				SWIFT_EMIT_LOC_STRINGS = YES;
				SWIFT_VERSION = 5.0;
				TARGETED_DEVICE_FAMILY = "1,2";
			};
			name = Release;
		};
		184B64BF293BC733001B800B /* Debug */ = {
			isa = XCBuildConfiguration;
			baseConfigurationReference = 4B43090A850BBB3674A252E4 /* Pods-RailTripTests.debug.xcconfig */;
			buildSettings = {
				ALWAYS_EMBED_SWIFT_STANDARD_LIBRARIES = YES;
				BUNDLE_LOADER = "$(TEST_HOST)";
				CODE_SIGN_STYLE = Automatic;
				CURRENT_PROJECT_VERSION = 1;
				GENERATE_INFOPLIST_FILE = YES;
				IPHONEOS_DEPLOYMENT_TARGET = 16.1;
				MARKETING_VERSION = 1.0;
				PRODUCT_BUNDLE_IDENTIFIER = cosci.RailTripTests;
				PRODUCT_NAME = "$(TARGET_NAME)";
				SWIFT_EMIT_LOC_STRINGS = NO;
				SWIFT_VERSION = 5.0;
				TARGETED_DEVICE_FAMILY = "1,2";
				TEST_HOST = "$(BUILT_PRODUCTS_DIR)/RailTrip.app/$(BUNDLE_EXECUTABLE_FOLDER_PATH)/RailTrip";
			};
			name = Debug;
		};
		184B64C0293BC733001B800B /* Release */ = {
			isa = XCBuildConfiguration;
			baseConfigurationReference = 4FD154615145CAEEC6C37331 /* Pods-RailTripTests.release.xcconfig */;
			buildSettings = {
				ALWAYS_EMBED_SWIFT_STANDARD_LIBRARIES = YES;
				BUNDLE_LOADER = "$(TEST_HOST)";
				CODE_SIGN_STYLE = Automatic;
				CURRENT_PROJECT_VERSION = 1;
				GENERATE_INFOPLIST_FILE = YES;
				IPHONEOS_DEPLOYMENT_TARGET = 16.1;
				MARKETING_VERSION = 1.0;
				PRODUCT_BUNDLE_IDENTIFIER = cosci.RailTripTests;
				PRODUCT_NAME = "$(TARGET_NAME)";
				SWIFT_EMIT_LOC_STRINGS = NO;
				SWIFT_VERSION = 5.0;
				TARGETED_DEVICE_FAMILY = "1,2";
				TEST_HOST = "$(BUILT_PRODUCTS_DIR)/RailTrip.app/$(BUNDLE_EXECUTABLE_FOLDER_PATH)/RailTrip";
			};
			name = Release;
		};
		184B64C2293BC733001B800B /* Debug */ = {
			isa = XCBuildConfiguration;
			baseConfigurationReference = 6F2ECE610D8FA48DC0E3AEA9 /* Pods-RailTrip-RailTripUITests.debug.xcconfig */;
			buildSettings = {
				ALWAYS_EMBED_SWIFT_STANDARD_LIBRARIES = YES;
				CODE_SIGN_STYLE = Automatic;
				CURRENT_PROJECT_VERSION = 1;
				GENERATE_INFOPLIST_FILE = YES;
				MARKETING_VERSION = 1.0;
				PRODUCT_BUNDLE_IDENTIFIER = cosci.RailTripUITests;
				PRODUCT_NAME = "$(TARGET_NAME)";
				SWIFT_EMIT_LOC_STRINGS = NO;
				SWIFT_VERSION = 5.0;
				TARGETED_DEVICE_FAMILY = "1,2";
				TEST_TARGET_NAME = RailTrip;
			};
			name = Debug;
		};
		184B64C3293BC733001B800B /* Release */ = {
			isa = XCBuildConfiguration;
			baseConfigurationReference = 2D4A2BA8487AF8DA8764C1A9 /* Pods-RailTrip-RailTripUITests.release.xcconfig */;
			buildSettings = {
				ALWAYS_EMBED_SWIFT_STANDARD_LIBRARIES = YES;
				CODE_SIGN_STYLE = Automatic;
				CURRENT_PROJECT_VERSION = 1;
				GENERATE_INFOPLIST_FILE = YES;
				MARKETING_VERSION = 1.0;
				PRODUCT_BUNDLE_IDENTIFIER = cosci.RailTripUITests;
				PRODUCT_NAME = "$(TARGET_NAME)";
				SWIFT_EMIT_LOC_STRINGS = NO;
				SWIFT_VERSION = 5.0;
				TARGETED_DEVICE_FAMILY = "1,2";
				TEST_TARGET_NAME = RailTrip;
			};
			name = Release;
		};
/* End XCBuildConfiguration section */

/* Begin XCConfigurationList section */
		184B648C293BC732001B800B /* Build configuration list for PBXProject "RailTrip" */ = {
			isa = XCConfigurationList;
			buildConfigurations = (
				184B64B9293BC733001B800B /* Debug */,
				184B64BA293BC733001B800B /* Release */,
			);
			defaultConfigurationIsVisible = 0;
			defaultConfigurationName = Release;
		};
		184B64BB293BC733001B800B /* Build configuration list for PBXNativeTarget "RailTrip" */ = {
			isa = XCConfigurationList;
			buildConfigurations = (
				184B64BC293BC733001B800B /* Debug */,
				184B64BD293BC733001B800B /* Release */,
			);
			defaultConfigurationIsVisible = 0;
			defaultConfigurationName = Release;
		};
		184B64BE293BC733001B800B /* Build configuration list for PBXNativeTarget "RailTripTests" */ = {
			isa = XCConfigurationList;
			buildConfigurations = (
				184B64BF293BC733001B800B /* Debug */,
				184B64C0293BC733001B800B /* Release */,
			);
			defaultConfigurationIsVisible = 0;
			defaultConfigurationName = Release;
		};
		184B64C1293BC733001B800B /* Build configuration list for PBXNativeTarget "RailTripUITests" */ = {
			isa = XCConfigurationList;
			buildConfigurations = (
				184B64C2293BC733001B800B /* Debug */,
				184B64C3293BC733001B800B /* Release */,
			);
			defaultConfigurationIsVisible = 0;
			defaultConfigurationName = Release;
		};
/* End XCConfigurationList section */
	};
	rootObject = 184B6489293BC732001B800B /* Project object */;
}
